# This file is automatically @generated by Poetry 1.4.2 and should not be changed by hand.

[[package]]
name = "paho-mqtt"
version = "1.6.1"
description = "MQTT version 5.0/3.1.1 client class"
category = "main"
optional = false
python-versions = "*"
files = [
    {file = "paho-mqtt-1.6.1.tar.gz", hash = "sha256:2a8291c81623aec00372b5a85558a372c747cbca8e9934dfe218638b8eefc26f"},
]

[package.extras]
proxy = ["PySocks"]

[metadata]
lock-version = "2.0"
python-versions = "^3.10"
content-hash = "fd12f0a374a0c49b0cddbb81169377eade4057561f1d870921eec190fdea227c"
